// !$*UTF8*$!
{
	archiveVersion = 1;
	classes = {
	};
	objectVersion = 46;
	objects = {

/* Begin PBXBuildFile section */
		DA86D02B193980B200B7EE3B /* Foundation.framework in Frameworks */ = {isa = PBXBuildFile; fileRef = DA86D02A193980B200B7EE3B /* Foundation.framework */; };
		DA86D02D193980B200B7EE3B /* CoreGraphics.framework in Frameworks */ = {isa = PBXBuildFile; fileRef = DA86D02C193980B200B7EE3B /* CoreGraphics.framework */; };
		DA86D02F193980B200B7EE3B /* UIKit.framework in Frameworks */ = {isa = PBXBuildFile; fileRef = DA86D02E193980B200B7EE3B /* UIKit.framework */; };
		DA86D035193980B200B7EE3B /* InfoPlist.strings in Resources */ = {isa = PBXBuildFile; fileRef = DA86D033193980B200B7EE3B /* InfoPlist.strings */; };
		DA86D037193980B200B7EE3B /* main.m in Sources */ = {isa = PBXBuildFile; fileRef = DA86D036193980B200B7EE3B /* main.m */; };
		DA86D03B193980B200B7EE3B /* PGAppDelegate.m in Sources */ = {isa = PBXBuildFile; fileRef = DA86D03A193980B200B7EE3B /* PGAppDelegate.m */; };
		DA86D03E193980B200B7EE3B /* Main.storyboard in Resources */ = {isa = PBXBuildFile; fileRef = DA86D03C193980B200B7EE3B /* Main.storyboard */; };
		DA86D041193980B200B7EE3B /* PGViewController.m in Sources */ = {isa = PBXBuildFile; fileRef = DA86D040193980B200B7EE3B /* PGViewController.m */; };
		DA86D043193980B200B7EE3B /* Images.xcassets in Resources */ = {isa = PBXBuildFile; fileRef = DA86D042193980B200B7EE3B /* Images.xcassets */; };
		DA86D04A193980B200B7EE3B /* XCTest.framework in Frameworks */ = {isa = PBXBuildFile; fileRef = DA86D049193980B200B7EE3B /* XCTest.framework */; };
		DA86D04B193980B200B7EE3B /* Foundation.framework in Frameworks */ = {isa = PBXBuildFile; fileRef = DA86D02A193980B200B7EE3B /* Foundation.framework */; };
		DA86D04C193980B200B7EE3B /* UIKit.framework in Frameworks */ = {isa = PBXBuildFile; fileRef = DA86D02E193980B200B7EE3B /* UIKit.framework */; };
		DA86D054193980B200B7EE3B /* InfoPlist.strings in Resources */ = {isa = PBXBuildFile; fileRef = DA86D052193980B200B7EE3B /* InfoPlist.strings */; };
		DA86D056193980B200B7EE3B /* Avatar_ExampleTests.m in Sources */ = {isa = PBXBuildFile; fileRef = DA86D055193980B200B7EE3B /* Avatar_ExampleTests.m */; };
		DA86D0621939812300B7EE3B /* PGAvatarView.m in Sources */ = {isa = PBXBuildFile; fileRef = DA86D0611939812300B7EE3B /* PGAvatarView.m */; };
/* End PBXBuildFile section */

/* Begin PBXContainerItemProxy section */
		DA86D04D193980B200B7EE3B /* PBXContainerItemProxy */ = {
			isa = PBXContainerItemProxy;
			containerPortal = DA86D01F193980B200B7EE3B /* Project object */;
			proxyType = 1;
			remoteGlobalIDString = DA86D026193980B200B7EE3B;
			remoteInfo = "Avatar Example";
		};
/* End PBXContainerItemProxy section */

/* Begin PBXFileReference section */
		DA86D027193980B200B7EE3B /* Avatar Example.app */ = {isa = PBXFileReference; explicitFileType = wrapper.application; includeInIndex = 0; path = "Avatar Example.app"; sourceTree = BUILT_PRODUCTS_DIR; };
		DA86D02A193980B200B7EE3B /* Foundation.framework */ = {isa = PBXFileReference; lastKnownFileType = wrapper.framework; name = Foundation.framework; path = System/Library/Frameworks/Foundation.framework; sourceTree = SDKROOT; };
		DA86D02C193980B200B7EE3B /* CoreGraphics.framework */ = {isa = PBXFileReference; lastKnownFileType = wrapper.framework; name = CoreGraphics.framework; path = System/Library/Frameworks/CoreGraphics.framework; sourceTree = SDKROOT; };
		DA86D02E193980B200B7EE3B /* UIKit.framework */ = {isa = PBXFileReference; lastKnownFileType = wrapper.framework; name = UIKit.framework; path = System/Library/Frameworks/UIKit.framework; sourceTree = SDKROOT; };
		DA86D032193980B200B7EE3B /* Avatar Example-Info.plist */ = {isa = PBXFileReference; lastKnownFileType = text.plist.xml; path = "Avatar Example-Info.plist"; sourceTree = "<group>"; };
		DA86D034193980B200B7EE3B /* en */ = {isa = PBXFileReference; lastKnownFileType = text.plist.strings; name = en; path = en.lproj/InfoPlist.strings; sourceTree = "<group>"; };
		DA86D036193980B200B7EE3B /* main.m */ = {isa = PBXFileReference; lastKnownFileType = sourcecode.c.objc; path = main.m; sourceTree = "<group>"; };
		DA86D038193980B200B7EE3B /* Avatar Example-Prefix.pch */ = {isa = PBXFileReference; lastKnownFileType = sourcecode.c.h; path = "Avatar Example-Prefix.pch"; sourceTree = "<group>"; };
		DA86D039193980B200B7EE3B /* PGAppDelegate.h */ = {isa = PBXFileReference; lastKnownFileType = sourcecode.c.h; path = PGAppDelegate.h; sourceTree = "<group>"; };
		DA86D03A193980B200B7EE3B /* PGAppDelegate.m */ = {isa = PBXFileReference; lastKnownFileType = sourcecode.c.objc; path = PGAppDelegate.m; sourceTree = "<group>"; };
		DA86D03D193980B200B7EE3B /* Base */ = {isa = PBXFileReference; lastKnownFileType = file.storyboard; name = Base; path = Base.lproj/Main.storyboard; sourceTree = "<group>"; };
		DA86D03F193980B200B7EE3B /* PGViewController.h */ = {isa = PBXFileReference; lastKnownFileType = sourcecode.c.h; path = PGViewController.h; sourceTree = "<group>"; };
		DA86D040193980B200B7EE3B /* PGViewController.m */ = {isa = PBXFileReference; lastKnownFileType = sourcecode.c.objc; path = PGViewController.m; sourceTree = "<group>"; };
		DA86D042193980B200B7EE3B /* Images.xcassets */ = {isa = PBXFileReference; lastKnownFileType = folder.assetcatalog; path = Images.xcassets; sourceTree = "<group>"; };
		DA86D048193980B200B7EE3B /* Avatar ExampleTests.xctest */ = {isa = PBXFileReference; explicitFileType = wrapper.cfbundle; includeInIndex = 0; path = "Avatar ExampleTests.xctest"; sourceTree = BUILT_PRODUCTS_DIR; };
		DA86D049193980B200B7EE3B /* XCTest.framework */ = {isa = PBXFileReference; lastKnownFileType = wrapper.framework; name = XCTest.framework; path = Library/Frameworks/XCTest.framework; sourceTree = DEVELOPER_DIR; };
		DA86D051193980B200B7EE3B /* Avatar ExampleTests-Info.plist */ = {isa = PBXFileReference; lastKnownFileType = text.plist.xml; path = "Avatar ExampleTests-Info.plist"; sourceTree = "<group>"; };
		DA86D053193980B200B7EE3B /* en */ = {isa = PBXFileReference; lastKnownFileType = text.plist.strings; name = en; path = en.lproj/InfoPlist.strings; sourceTree = "<group>"; };
		DA86D055193980B200B7EE3B /* Avatar_ExampleTests.m */ = {isa = PBXFileReference; lastKnownFileType = sourcecode.c.objc; path = Avatar_ExampleTests.m; sourceTree = "<group>"; };
		DA86D0601939812300B7EE3B /* PGAvatarView.h */ = {isa = PBXFileReference; fileEncoding = 4; lastKnownFileType = sourcecode.c.h; name = PGAvatarView.h; path = ../../Classes/PGAvatarView.h; sourceTree = "<group>"; };
		DA86D0611939812300B7EE3B /* PGAvatarView.m */ = {isa = PBXFileReference; fileEncoding = 4; lastKnownFileType = sourcecode.c.objc; name = PGAvatarView.m; path = ../../Classes/PGAvatarView.m; sourceTree = "<group>"; };
/* End PBXFileReference section */

/* Begin PBXFrameworksBuildPhase section */
		DA86D024193980B200B7EE3B /* Frameworks */ = {
			isa = PBXFrameworksBuildPhase;
			buildActionMask = 2147483647;
			files = (
				DA86D02D193980B200B7EE3B /* CoreGraphics.framework in Frameworks */,
				DA86D02F193980B200B7EE3B /* UIKit.framework in Frameworks */,
				DA86D02B193980B200B7EE3B /* Foundation.framework in Frameworks */,
			);
			runOnlyForDeploymentPostprocessing = 0;
		};
		DA86D045193980B200B7EE3B /* Frameworks */ = {
			isa = PBXFrameworksBuildPhase;
			buildActionMask = 2147483647;
			files = (
				DA86D04A193980B200B7EE3B /* XCTest.framework in Frameworks */,
				DA86D04C193980B200B7EE3B /* UIKit.framework in Frameworks */,
				DA86D04B193980B200B7EE3B /* Foundation.framework in Frameworks */,
			);
			runOnlyForDeploymentPostprocessing = 0;
		};
/* End PBXFrameworksBuildPhase section */

/* Begin PBXGroup section */
		DA86D01E193980B200B7EE3B = {
			isa = PBXGroup;
			children = (
				DA86D030193980B200B7EE3B /* Avatar Example */,
				DA86D04F193980B200B7EE3B /* Avatar ExampleTests */,
				DA86D029193980B200B7EE3B /* Frameworks */,
				DA86D028193980B200B7EE3B /* Products */,
			);
			sourceTree = "<group>";
		};
		DA86D028193980B200B7EE3B /* Products */ = {
			isa = PBXGroup;
			children = (
				DA86D027193980B200B7EE3B /* Avatar Example.app */,
				DA86D048193980B200B7EE3B /* Avatar ExampleTests.xctest */,
			);
			name = Products;
			sourceTree = "<group>";
		};
		DA86D029193980B200B7EE3B /* Frameworks */ = {
			isa = PBXGroup;
			children = (
				DA86D02A193980B200B7EE3B /* Foundation.framework */,
				DA86D02C193980B200B7EE3B /* CoreGraphics.framework */,
				DA86D02E193980B200B7EE3B /* UIKit.framework */,
				DA86D049193980B200B7EE3B /* XCTest.framework */,
			);
			name = Frameworks;
			sourceTree = "<group>";
		};
		DA86D030193980B200B7EE3B /* Avatar Example */ = {
			isa = PBXGroup;
			children = (
				DA86D05F1939810900B7EE3B /* PGAvatarView */,
				DA86D039193980B200B7EE3B /* PGAppDelegate.h */,
				DA86D03A193980B200B7EE3B /* PGAppDelegate.m */,
				DA86D03C193980B200B7EE3B /* Main.storyboard */,
				DA86D03F193980B200B7EE3B /* PGViewController.h */,
				DA86D040193980B200B7EE3B /* PGViewController.m */,
				DA86D042193980B200B7EE3B /* Images.xcassets */,
				DA86D031193980B200B7EE3B /* Supporting Files */,
			);
			path = "Avatar Example";
			sourceTree = "<group>";
		};
		DA86D031193980B200B7EE3B /* Supporting Files */ = {
			isa = PBXGroup;
			children = (
				DA86D032193980B200B7EE3B /* Avatar Example-Info.plist */,
				DA86D033193980B200B7EE3B /* InfoPlist.strings */,
				DA86D036193980B200B7EE3B /* main.m */,
				DA86D038193980B200B7EE3B /* Avatar Example-Prefix.pch */,
			);
			name = "Supporting Files";
			sourceTree = "<group>";
		};
		DA86D04F193980B200B7EE3B /* Avatar ExampleTests */ = {
			isa = PBXGroup;
			children = (
				DA86D055193980B200B7EE3B /* Avatar_ExampleTests.m */,
				DA86D050193980B200B7EE3B /* Supporting Files */,
			);
			path = "Avatar ExampleTests";
			sourceTree = "<group>";
		};
		DA86D050193980B200B7EE3B /* Supporting Files */ = {
			isa = PBXGroup;
			children = (
				DA86D051193980B200B7EE3B /* Avatar ExampleTests-Info.plist */,
				DA86D052193980B200B7EE3B /* InfoPlist.strings */,
			);
			name = "Supporting Files";
			sourceTree = "<group>";
		};
		DA86D05F1939810900B7EE3B /* PGAvatarView */ = {
			isa = PBXGroup;
			children = (
				DA86D0601939812300B7EE3B /* PGAvatarView.h */,
				DA86D0611939812300B7EE3B /* PGAvatarView.m */,
			);
			name = PGAvatarView;
			sourceTree = "<group>";
		};
/* End PBXGroup section */

/* Begin PBXNativeTarget section */
		DA86D026193980B200B7EE3B /* Avatar Example */ = {
			isa = PBXNativeTarget;
			buildConfigurationList = DA86D059193980B200B7EE3B /* Build configuration list for PBXNativeTarget "Avatar Example" */;
			buildPhases = (
				DA86D023193980B200B7EE3B /* Sources */,
				DA86D024193980B200B7EE3B /* Frameworks */,
				DA86D025193980B200B7EE3B /* Resources */,
			);
			buildRules = (
			);
			dependencies = (
			);
			name = "Avatar Example";
			productName = "Avatar Example";
			productReference = DA86D027193980B200B7EE3B /* Avatar Example.app */;
			productType = "com.apple.product-type.application";
		};
		DA86D047193980B200B7EE3B /* Avatar ExampleTests */ = {
			isa = PBXNativeTarget;
			buildConfigurationList = DA86D05C193980B200B7EE3B /* Build configuration list for PBXNativeTarget "Avatar ExampleTests" */;
			buildPhases = (
				DA86D044193980B200B7EE3B /* Sources */,
				DA86D045193980B200B7EE3B /* Frameworks */,
				DA86D046193980B200B7EE3B /* Resources */,
			);
			buildRules = (
			);
			dependencies = (
				DA86D04E193980B200B7EE3B /* PBXTargetDependency */,
			);
			name = "Avatar ExampleTests";
			productName = "Avatar ExampleTests";
			productReference = DA86D048193980B200B7EE3B /* Avatar ExampleTests.xctest */;
			productType = "com.apple.product-type.bundle.unit-test";
		};
/* End PBXNativeTarget section */

/* Begin PBXProject section */
		DA86D01F193980B200B7EE3B /* Project object */ = {
			isa = PBXProject;
			attributes = {
				CLASSPREFIX = PG;
				LastUpgradeCheck = 0510;
				ORGANIZATIONNAME = "Paul Pilone";
				TargetAttributes = {
					DA86D047193980B200B7EE3B = {
						TestTargetID = DA86D026193980B200B7EE3B;
					};
				};
			};
			buildConfigurationList = DA86D022193980B200B7EE3B /* Build configuration list for PBXProject "Avatar Example" */;
			compatibilityVersion = "Xcode 3.2";
			developmentRegion = English;
			hasScannedForEncodings = 0;
			knownRegions = (
				en,
				Base,
			);
			mainGroup = DA86D01E193980B200B7EE3B;
			productRefGroup = DA86D028193980B200B7EE3B /* Products */;
			projectDirPath = "";
			projectRoot = "";
			targets = (
				DA86D026193980B200B7EE3B /* Avatar Example */,
				DA86D047193980B200B7EE3B /* Avatar ExampleTests */,
			);
		};
/* End PBXProject section */

/* Begin PBXResourcesBuildPhase section */
		DA86D025193980B200B7EE3B /* Resources */ = {
			isa = PBXResourcesBuildPhase;
			buildActionMask = 2147483647;
			files = (
				DA86D043193980B200B7EE3B /* Images.xcassets in Resources */,
				DA86D035193980B200B7EE3B /* InfoPlist.strings in Resources */,
				DA86D03E193980B200B7EE3B /* Main.storyboard in Resources */,
			);
			runOnlyForDeploymentPostprocessing = 0;
		};
		DA86D046193980B200B7EE3B /* Resources */ = {
			isa = PBXResourcesBuildPhase;
			buildActionMask = 2147483647;
			files = (
				DA86D054193980B200B7EE3B /* InfoPlist.strings in Resources */,
			);
			runOnlyForDeploymentPostprocessing = 0;
		};
/* End PBXResourcesBuildPhase section */

/* Begin PBXSourcesBuildPhase section */
		DA86D023193980B200B7EE3B /* Sources */ = {
			isa = PBXSourcesBuildPhase;
			buildActionMask = 2147483647;
			files = (
				DA86D037193980B200B7EE3B /* main.m in Sources */,
				DA86D041193980B200B7EE3B /* PGViewController.m in Sources */,
				DA86D0621939812300B7EE3B /* PGAvatarView.m in Sources */,
				DA86D03B193980B200B7EE3B /* PGAppDelegate.m in Sources */,
			);
			runOnlyForDeploymentPostprocessing = 0;
		};
		DA86D044193980B200B7EE3B /* Sources */ = {
			isa = PBXSourcesBuildPhase;
			buildActionMask = 2147483647;
			files = (
				DA86D056193980B200B7EE3B /* Avatar_ExampleTests.m in Sources */,
			);
			runOnlyForDeploymentPostprocessing = 0;
		};
/* End PBXSourcesBuildPhase section */

/* Begin PBXTargetDependency section */
		DA86D04E193980B200B7EE3B /* PBXTargetDependency */ = {
			isa = PBXTargetDependency;
			target = DA86D026193980B200B7EE3B /* Avatar Example */;
			targetProxy = DA86D04D193980B200B7EE3B /* PBXContainerItemProxy */;
		};
/* End PBXTargetDependency section */

/* Begin PBXVariantGroup section */
		DA86D033193980B200B7EE3B /* InfoPlist.strings */ = {
			isa = PBXVariantGroup;
			children = (
				DA86D034193980B200B7EE3B /* en */,
			);
			name = InfoPlist.strings;
			sourceTree = "<group>";
		};
		DA86D03C193980B200B7EE3B /* Main.storyboard */ = {
			isa = PBXVariantGroup;
			children = (
				DA86D03D193980B200B7EE3B /* Base */,
			);
			name = Main.storyboard;
			sourceTree = "<group>";
		};
		DA86D052193980B200B7EE3B /* InfoPlist.strings */ = {
			isa = PBXVariantGroup;
			children = (
				DA86D053193980B200B7EE3B /* en */,
			);
			name = InfoPlist.strings;
			sourceTree = "<group>";
		};
/* End PBXVariantGroup section */

/* Begin XCBuildConfiguration section */
		DA86D057193980B200B7EE3B /* Debug */ = {
			isa = XCBuildConfiguration;
			buildSettings = {
				ALWAYS_SEARCH_USER_PATHS = NO;
				CLANG_CXX_LANGUAGE_STANDARD = "gnu++0x";
				CLANG_CXX_LIBRARY = "libc++";
				CLANG_ENABLE_MODULES = YES;
				CLANG_ENABLE_OBJC_ARC = YES;
				CLANG_WARN_BOOL_CONVERSION = YES;
				CLANG_WARN_CONSTANT_CONVERSION = YES;
				CLANG_WARN_DIRECT_OBJC_ISA_USAGE = YES_ERROR;
				CLANG_WARN_EMPTY_BODY = YES;
				CLANG_WARN_ENUM_CONVERSION = YES;
				CLANG_WARN_INT_CONVERSION = YES;
				CLANG_WARN_OBJC_ROOT_CLASS = YES_ERROR;
				CLANG_WARN__DUPLICATE_METHOD_MATCH = YES;
				"CODE_SIGN_IDENTITY[sdk=iphoneos*]" = "iPhone Developer";
				COPY_PHASE_STRIP = NO;
				GCC_C_LANGUAGE_STANDARD = gnu99;
				GCC_DYNAMIC_NO_PIC = NO;
				GCC_OPTIMIZATION_LEVEL = 0;
				GCC_PREPROCESSOR_DEFINITIONS = (
					"DEBUG=1",
					"$(inherited)",
				);
				GCC_SYMBOLS_PRIVATE_EXTERN = NO;
				GCC_WARN_64_TO_32_BIT_CONVERSION = YES;
				GCC_WARN_ABOUT_RETURN_TYPE = YES_ERROR;
				GCC_WARN_UNDECLARED_SELECTOR = YES;
				GCC_WARN_UNINITIALIZED_AUTOS = YES_AGGRESSIVE;
				GCC_WARN_UNUSED_FUNCTION = YES;
				GCC_WARN_UNUSED_VARIABLE = YES;
				IPHONEOS_DEPLOYMENT_TARGET = 7.1;
				ONLY_ACTIVE_ARCH = YES;
				SDKROOT = iphoneos;
			};
			name = Debug;
		};
		DA86D058193980B200B7EE3B /* Release */ = {
			isa = XCBuildConfiguration;
			buildSettings = {
				ALWAYS_SEARCH_USER_PATHS = NO;
				CLANG_CXX_LANGUAGE_STANDARD = "gnu++0x";
				CLANG_CXX_LIBRARY = "libc++";
				CLANG_ENABLE_MODULES = YES;
				CLANG_ENABLE_OBJC_ARC = YES;
				CLANG_WARN_BOOL_CONVERSION = YES;
				CLANG_WARN_CONSTANT_CONVERSION = YES;
				CLANG_WARN_DIRECT_OBJC_ISA_USAGE = YES_ERROR;
				CLANG_WARN_EMPTY_BODY = YES;
				CLANG_WARN_ENUM_CONVERSION = YES;
				CLANG_WARN_INT_CONVERSION = YES;
				CLANG_WARN_OBJC_ROOT_CLASS = YES_ERROR;
				CLANG_WARN__DUPLICATE_METHOD_MATCH = YES;
				"CODE_SIGN_IDENTITY[sdk=iphoneos*]" = "iPhone Developer";
				COPY_PHASE_STRIP = YES;
				ENABLE_NS_ASSERTIONS = NO;
				GCC_C_LANGUAGE_STANDARD = gnu99;
				GCC_WARN_64_TO_32_BIT_CONVERSION = YES;
				GCC_WARN_ABOUT_RETURN_TYPE = YES_ERROR;
				GCC_WARN_UNDECLARED_SELECTOR = YES;
				GCC_WARN_UNINITIALIZED_AUTOS = YES_AGGRESSIVE;
				GCC_WARN_UNUSED_FUNCTION = YES;
				GCC_WARN_UNUSED_VARIABLE = YES;
				IPHONEOS_DEPLOYMENT_TARGET = 7.1;
				SDKROOT = iphoneos;
				VALIDATE_PRODUCT = YES;
			};
			name = Release;
		};
		DA86D05A193980B200B7EE3B /* Debug */ = {
			isa = XCBuildConfiguration;
			buildSettings = {
				ASSETCATALOG_COMPILER_APPICON_NAME = AppIcon;
				ASSETCATALOG_COMPILER_LAUNCHIMAGE_NAME = LaunchImage;
				GCC_PRECOMPILE_PREFIX_HEADER = YES;
				GCC_PREFIX_HEADER = "Avatar Example/Avatar Example-Prefix.pch";
				INFOPLIST_FILE = "Avatar Example/Avatar Example-Info.plist";
				PRODUCT_NAME = "$(TARGET_NAME)";
				WRAPPER_EXTENSION = app;
			};
			name = Debug;
		};
		DA86D05B193980B200B7EE3B /* Release */ = {
			isa = XCBuildConfiguration;
			buildSettings = {
				ASSETCATALOG_COMPILER_APPICON_NAME = AppIcon;
				ASSETCATALOG_COMPILER_LAUNCHIMAGE_NAME = LaunchImage;
				GCC_PRECOMPILE_PREFIX_HEADER = YES;
				GCC_PREFIX_HEADER = "Avatar Example/Avatar Example-Prefix.pch";
				INFOPLIST_FILE = "Avatar Example/Avatar Example-Info.plist";
				PRODUCT_NAME = "$(TARGET_NAME)";
				WRAPPER_EXTENSION = app;
			};
			name = Release;
		};
		DA86D05D193980B200B7EE3B /* Debug */ = {
			isa = XCBuildConfiguration;
			buildSettings = {
				BUNDLE_LOADER = "$(BUILT_PRODUCTS_DIR)/Avatar Example.app/Avatar Example";
				FRAMEWORK_SEARCH_PATHS = (
					"$(SDKROOT)/Developer/Library/Frameworks",
					"$(inherited)",
					"$(DEVELOPER_FRAMEWORKS_DIR)",
				);
				GCC_PRECOMPILE_PREFIX_HEADER = YES;
				GCC_PREFIX_HEADER = "Avatar Example/Avatar Example-Prefix.pch";
				GCC_PREPROCESSOR_DEFINITIONS = (
					"DEBUG=1",
					"$(inherited)",
				);
				INFOPLIST_FILE = "Avatar ExampleTests/Avatar ExampleTests-Info.plist";
				PRODUCT_NAME = "$(TARGET_NAME)";
				TEST_HOST = "$(BUNDLE_LOADER)";
				WRAPPER_EXTENSION = xctest;
			};
			name = Debug;
		};
		DA86D05E193980B200B7EE3B /* Release */ = {
			isa = XCBuildConfiguration;
			buildSettings = {
				BUNDLE_LOADER = "$(BUILT_PRODUCTS_DIR)/Avatar Example.app/Avatar Example";
				FRAMEWORK_SEARCH_PATHS = (
					"$(SDKROOT)/Developer/Library/Frameworks",
					"$(inherited)",
					"$(DEVELOPER_FRAMEWORKS_DIR)",
				);
				GCC_PRECOMPILE_PREFIX_HEADER = YES;
				GCC_PREFIX_HEADER = "Avatar Example/Avatar Example-Prefix.pch";
				INFOPLIST_FILE = "Avatar ExampleTests/Avatar ExampleTests-Info.plist";
				PRODUCT_NAME = "$(TARGET_NAME)";
				TEST_HOST = "$(BUNDLE_LOADER)";
				WRAPPER_EXTENSION = xctest;
			};
			name = Release;
		};
/* End XCBuildConfiguration section */

/* Begin XCConfigurationList section */
		DA86D022193980B200B7EE3B /* Build configuration list for PBXProject "Avatar Example" */ = {
			isa = XCConfigurationList;
			buildConfigurations = (
				DA86D057193980B200B7EE3B /* Debug */,
				DA86D058193980B200B7EE3B /* Release */,
			);
			defaultConfigurationIsVisible = 0;
			defaultConfigurationName = Release;
		};
		DA86D059193980B200B7EE3B /* Build configuration list for PBXNativeTarget "Avatar Example" */ = {
			isa = XCConfigurationList;
			buildConfigurations = (
				DA86D05A193980B200B7EE3B /* Debug */,
				DA86D05B193980B200B7EE3B /* Release */,
			);
			defaultConfigurationIsVisible = 0;
			defaultConfigurationName = Release;
		};
		DA86D05C193980B200B7EE3B /* Build configuration list for PBXNativeTarget "Avatar ExampleTests" */ = {
			isa = XCConfigurationList;
			buildConfigurations = (
				DA86D05D193980B200B7EE3B /* Debug */,
				DA86D05E193980B200B7EE3B /* Release */,
			);
			defaultConfigurationIsVisible = 0;
			defaultConfigurationName = Release;
		};
/* End XCConfigurationList section */
	};
	rootObject = DA86D01F193980B200B7EE3B /* Project object */;
}
